// !$*UTF8*$!
{
	archiveVersion = 1;
	classes = {
	};
	objectVersion = 46;
	objects = {

/* Begin PBXBuildFile section */
		873B2E161EA124D90055D729 /* AppDelegate.swift in Sources */ = {isa = PBXBuildFile; fileRef = 873B2E151EA124D90055D729 /* AppDelegate.swift */; };
		873B2E181EA124D90055D729 /* ViewController.swift in Sources */ = {isa = PBXBuildFile; fileRef = 873B2E171EA124D90055D729 /* ViewController.swift */; };
		873B2E1B1EA124D90055D729 /* Main.storyboard in Resources */ = {isa = PBXBuildFile; fileRef = 873B2E191EA124D90055D729 /* Main.storyboard */; };
		873B2E1D1EA124D90055D729 /* Assets.xcassets in Resources */ = {isa = PBXBuildFile; fileRef = 873B2E1C1EA124D90055D729 /* Assets.xcassets */; };
		873B2E201EA124D90055D729 /* LaunchScreen.storyboard in Resources */ = {isa = PBXBuildFile; fileRef = 873B2E1E1EA124D90055D729 /* LaunchScreen.storyboard */; };
		873B2E2B1EA124D90055D729 /* TestLiveUITests.swift in Sources */ = {isa = PBXBuildFile; fileRef = 873B2E2A1EA124D90055D729 /* TestLiveUITests.swift */; };
/* End PBXBuildFile section */

/* Begin PBXContainerItemProxy section */
		873B2E271EA124D90055D729 /* PBXContainerItemProxy */ = {
			isa = PBXContainerItemProxy;
			containerPortal = 873B2E0A1EA124D90055D729 /* Project object */;
			proxyType = 1;
			remoteGlobalIDString = 873B2E111EA124D90055D729;
			remoteInfo = TestLive;
		};
/* End PBXContainerItemProxy section */

/* Begin PBXFileReference section */
		873B2E121EA124D90055D729 /* TestLive.app */ = {isa = PBXFileReference; explicitFileType = wrapper.application; includeInIndex = 0; path = TestLive.app; sourceTree = BUILT_PRODUCTS_DIR; };
		873B2E151EA124D90055D729 /* AppDelegate.swift */ = {isa = PBXFileReference; lastKnownFileType = sourcecode.swift; path = AppDelegate.swift; sourceTree = "<group>"; };
		873B2E171EA124D90055D729 /* ViewController.swift */ = {isa = PBXFileReference; lastKnownFileType = sourcecode.swift; path = ViewController.swift; sourceTree = "<group>"; };
		873B2E1A1EA124D90055D729 /* Base */ = {isa = PBXFileReference; lastKnownFileType = file.storyboard; name = Base; path = Base.lproj/Main.storyboard; sourceTree = "<group>"; };
		873B2E1C1EA124D90055D729 /* Assets.xcassets */ = {isa = PBXFileReference; lastKnownFileType = folder.assetcatalog; path = Assets.xcassets; sourceTree = "<group>"; };
		873B2E1F1EA124D90055D729 /* Base */ = {isa = PBXFileReference; lastKnownFileType = file.storyboard; name = Base; path = Base.lproj/LaunchScreen.storyboard; sourceTree = "<group>"; };
		873B2E211EA124D90055D729 /* Info.plist */ = {isa = PBXFileReference; lastKnownFileType = text.plist.xml; path = Info.plist; sourceTree = "<group>"; };
		873B2E261EA124D90055D729 /* TestLiveUITests.xctest */ = {isa = PBXFileReference; explicitFileType = wrapper.cfbundle; includeInIndex = 0; path = TestLiveUITests.xctest; sourceTree = BUILT_PRODUCTS_DIR; };
		873B2E2A1EA124D90055D729 /* TestLiveUITests.swift */ = {isa = PBXFileReference; lastKnownFileType = sourcecode.swift; path = TestLiveUITests.swift; sourceTree = "<group>"; };
		873B2E2C1EA124D90055D729 /* Info.plist */ = {isa = PBXFileReference; lastKnownFileType = text.plist.xml; path = Info.plist; sourceTree = "<group>"; };
/* End PBXFileReference section */

/* Begin PBXFrameworksBuildPhase section */
		873B2E0F1EA124D90055D729 /* Frameworks */ = {
			isa = PBXFrameworksBuildPhase;
			buildActionMask = 2147483647;
			files = (
			);
			runOnlyForDeploymentPostprocessing = 0;
		};
		873B2E231EA124D90055D729 /* Frameworks */ = {
			isa = PBXFrameworksBuildPhase;
			buildActionMask = 2147483647;
			files = (
			);
			runOnlyForDeploymentPostprocessing = 0;
		};
/* End PBXFrameworksBuildPhase section */

/* Begin PBXGroup section */
		873B2E091EA124D90055D729 = {
			isa = PBXGroup;
			children = (
				873B2E141EA124D90055D729 /* TestLive */,
				873B2E291EA124D90055D729 /* TestLiveUITests */,
				873B2E131EA124D90055D729 /* Products */,
			);
			sourceTree = "<group>";
		};
		873B2E131EA124D90055D729 /* Products */ = {
			isa = PBXGroup;
			children = (
				873B2E121EA124D90055D729 /* TestLive.app */,
				873B2E261EA124D90055D729 /* TestLiveUITests.xctest */,
			);
			name = Products;
			sourceTree = "<group>";
		};
		873B2E141EA124D90055D729 /* TestLive */ = {
			isa = PBXGroup;
			children = (
				873B2E151EA124D90055D729 /* AppDelegate.swift */,
				873B2E171EA124D90055D729 /* ViewController.swift */,
				873B2E191EA124D90055D729 /* Main.storyboard */,
				873B2E1C1EA124D90055D729 /* Assets.xcassets */,
				873B2E1E1EA124D90055D729 /* LaunchScreen.storyboard */,
				873B2E211EA124D90055D729 /* Info.plist */,
			);
			path = TestLive;
			sourceTree = "<group>";
		};
		873B2E291EA124D90055D729 /* TestLiveUITests */ = {
			isa = PBXGroup;
			children = (
				873B2E2A1EA124D90055D729 /* TestLiveUITests.swift */,
				873B2E2C1EA124D90055D729 /* Info.plist */,
			);
			path = TestLiveUITests;
			sourceTree = "<group>";
		};
/* End PBXGroup section */

/* Begin PBXNativeTarget section */
		873B2E111EA124D90055D729 /* TestLive */ = {
			isa = PBXNativeTarget;
			buildConfigurationList = 873B2E2F1EA124D90055D729 /* Build configuration list for PBXNativeTarget "TestLive" */;
			buildPhases = (
				873B2E0E1EA124D90055D729 /* Sources */,
				873B2E0F1EA124D90055D729 /* Frameworks */,
				873B2E101EA124D90055D729 /* Resources */,
			);
			buildRules = (
			);
			dependencies = (
			);
			name = TestLive;
			productName = TestLive;
			productReference = 873B2E121EA124D90055D729 /* TestLive.app */;
			productType = "com.apple.product-type.application";
		};
		873B2E251EA124D90055D729 /* TestLiveUITests */ = {
			isa = PBXNativeTarget;
			buildConfigurationList = 873B2E321EA124D90055D729 /* Build configuration list for PBXNativeTarget "TestLiveUITests" */;
			buildPhases = (
				873B2E221EA124D90055D729 /* Sources */,
				873B2E231EA124D90055D729 /* Frameworks */,
				873B2E241EA124D90055D729 /* Resources */,
			);
			buildRules = (
			);
			dependencies = (
				873B2E281EA124D90055D729 /* PBXTargetDependency */,
			);
			name = TestLiveUITests;
			productName = TestLiveUITests;
			productReference = 873B2E261EA124D90055D729 /* TestLiveUITests.xctest */;
			productType = "com.apple.product-type.bundle.ui-testing";
		};
/* End PBXNativeTarget section */

/* Begin PBXProject section */
		873B2E0A1EA124D90055D729 /* Project object */ = {
			isa = PBXProject;
			attributes = {
				LastSwiftUpdateCheck = 0830;
				LastUpgradeCheck = 0830;
				ORGANIZATIONNAME = phantom_zj;
				TargetAttributes = {
					873B2E111EA124D90055D729 = {
						CreatedOnToolsVersion = 8.3.1;
						ProvisioningStyle = Automatic;
					};
					873B2E251EA124D90055D729 = {
						CreatedOnToolsVersion = 8.3.1;
						ProvisioningStyle = Automatic;
						TestTargetID = 873B2E111EA124D90055D729;
					};
				};
			};
			buildConfigurationList = 873B2E0D1EA124D90055D729 /* Build configuration list for PBXProject "TestLive" */;
			compatibilityVersion = "Xcode 3.2";
			developmentRegion = English;
			hasScannedForEncodings = 0;
			knownRegions = (
				en,
				Base,
			);
			mainGroup = 873B2E091EA124D90055D729;
			productRefGroup = 873B2E131EA124D90055D729 /* Products */;
			projectDirPath = "";
			projectRoot = "";
			targets = (
				873B2E111EA124D90055D729 /* TestLive */,
				873B2E251EA124D90055D729 /* TestLiveUITests */,
			);
		};
/* End PBXProject section */

/* Begin PBXResourcesBuildPhase section */
		873B2E101EA124D90055D729 /* Resources */ = {
			isa = PBXResourcesBuildPhase;
			buildActionMask = 2147483647;
			files = (
				873B2E201EA124D90055D729 /* LaunchScreen.storyboard in Resources */,
				873B2E1D1EA124D90055D729 /* Assets.xcassets in Resources */,
				873B2E1B1EA124D90055D729 /* Main.storyboard in Resources */,
			);
			runOnlyForDeploymentPostprocessing = 0;
		};
		873B2E241EA124D90055D729 /* Resources */ = {
			isa = PBXResourcesBuildPhase;
			buildActionMask = 2147483647;
			files = (
			);
			runOnlyForDeploymentPostprocessing = 0;
		};
/* End PBXResourcesBuildPhase section */

/* Begin PBXSourcesBuildPhase section */
		873B2E0E1EA124D90055D729 /* Sources */ = {
			isa = PBXSourcesBuildPhase;
			buildActionMask = 2147483647;
			files = (
				873B2E181EA124D90055D729 /* ViewController.swift in Sources */,
				873B2E161EA124D90055D729 /* AppDelegate.swift in Sources */,
			);
			runOnlyForDeploymentPostprocessing = 0;
		};
		873B2E221EA124D90055D729 /* Sources */ = {
			isa = PBXSourcesBuildPhase;
			buildActionMask = 2147483647;
			files = (
				873B2E2B1EA124D90055D729 /* TestLiveUITests.swift in Sources */,
			);
			runOnlyForDeploymentPostprocessing = 0;
		};
/* End PBXSourcesBuildPhase section */

/* Begin PBXTargetDependency section */
		873B2E281EA124D90055D729 /* PBXTargetDependency */ = {
			isa = PBXTargetDependency;
			target = 873B2E111EA124D90055D729 /* TestLive */;
			targetProxy = 873B2E271EA124D90055D729 /* PBXContainerItemProxy */;
		};
/* End PBXTargetDependency section */

/* Begin PBXVariantGroup section */
		873B2E191EA124D90055D729 /* Main.storyboard */ = {
			isa = PBXVariantGroup;
			children = (
				873B2E1A1EA124D90055D729 /* Base */,
			);
			name = Main.storyboard;
			sourceTree = "<group>";
		};
		873B2E1E1EA124D90055D729 /* LaunchScreen.storyboard */ = {
			isa = PBXVariantGroup;
			children = (
				873B2E1F1EA124D90055D729 /* Base */,
			);
			name = LaunchScreen.storyboard;
			sourceTree = "<group>";
		};
/* End PBXVariantGroup section */

/* Begin XCBuildConfiguration section */
		873B2E2D1EA124D90055D729 /* Debug */ = {
			isa = XCBuildConfiguration;
			buildSettings = {
				ALWAYS_SEARCH_USER_PATHS = NO;
				CLANG_ANALYZER_NONNULL = YES;
				CLANG_ANALYZER_NUMBER_OBJECT_CONVERSION = YES_AGGRESSIVE;
				CLANG_CXX_LANGUAGE_STANDARD = "gnu++0x";
				CLANG_CXX_LIBRARY = "libc++";
				CLANG_ENABLE_MODULES = YES;
				CLANG_ENABLE_OBJC_ARC = YES;
				CLANG_WARN_BOOL_CONVERSION = YES;
				CLANG_WARN_CONSTANT_CONVERSION = YES;
				CLANG_WARN_DIRECT_OBJC_ISA_USAGE = YES_ERROR;
				CLANG_WARN_DOCUMENTATION_COMMENTS = YES;
				CLANG_WARN_EMPTY_BODY = YES;
				CLANG_WARN_ENUM_CONVERSION = YES;
				CLANG_WARN_INFINITE_RECURSION = YES;
				CLANG_WARN_INT_CONVERSION = YES;
				CLANG_WARN_OBJC_ROOT_CLASS = YES_ERROR;
				CLANG_WARN_SUSPICIOUS_MOVE = YES;
				CLANG_WARN_UNREACHABLE_CODE = YES;
				CLANG_WARN__DUPLICATE_METHOD_MATCH = YES;
				"CODE_SIGN_IDENTITY[sdk=iphoneos*]" = "iPhone Developer";
				COPY_PHASE_STRIP = NO;
				DEBUG_INFORMATION_FORMAT = dwarf;
				ENABLE_STRICT_OBJC_MSGSEND = YES;
				ENABLE_TESTABILITY = YES;
				GCC_C_LANGUAGE_STANDARD = gnu99;
				GCC_DYNAMIC_NO_PIC = NO;
				GCC_NO_COMMON_BLOCKS = YES;
				GCC_OPTIMIZATION_LEVEL = 0;
				GCC_PREPROCESSOR_DEFINITIONS = (
					"DEBUG=1",
					"$(inherited)",
				);
				GCC_WARN_64_TO_32_BIT_CONVERSION = YES;
				GCC_WARN_ABOUT_RETURN_TYPE = YES_ERROR;
				GCC_WARN_UNDECLARED_SELECTOR = YES;
				GCC_WARN_UNINITIALIZED_AUTOS = YES_AGGRESSIVE;
				GCC_WARN_UNUSED_FUNCTION = YES;
				GCC_WARN_UNUSED_VARIABLE = YES;
				IPHONEOS_DEPLOYMENT_TARGET = 10.3;
				MTL_ENABLE_DEBUG_INFO = YES;
				ONLY_ACTIVE_ARCH = YES;
				SDKROOT = iphoneos;
				SWIFT_ACTIVE_COMPILATION_CONDITIONS = DEBUG;
				SWIFT_OPTIMIZATION_LEVEL = "-Onone";
				TARGETED_DEVICE_FAMILY = "1,2";
			};
			name = Debug;
		};
		873B2E2E1EA124D90055D729 /* Release */ = {
			isa = XCBuildConfiguration;
			buildSettings = {
				ALWAYS_SEARCH_USER_PATHS = NO;
				CLANG_ANALYZER_NONNULL = YES;
				CLANG_ANALYZER_NUMBER_OBJECT_CONVERSION = YES_AGGRESSIVE;
				CLANG_CXX_LANGUAGE_STANDARD = "gnu++0x";
				CLANG_CXX_LIBRARY = "libc++";
				CLANG_ENABLE_MODULES = YES;
				CLANG_ENABLE_OBJC_ARC = YES;
				CLANG_WARN_BOOL_CONVERSION = YES;
				CLANG_WARN_CONSTANT_CONVERSION = YES;
				CLANG_WARN_DIRECT_OBJC_ISA_USAGE = YES_ERROR;
				CLANG_WARN_DOCUMENTATION_COMMENTS = YES;
				CLANG_WARN_EMPTY_BODY = YES;
				CLANG_WARN_ENUM_CONVERSION = YES;
				CLANG_WARN_INFINITE_RECURSION = YES;
				CLANG_WARN_INT_CONVERSION = YES;
				CLANG_WARN_OBJC_ROOT_CLASS = YES_ERROR;
				CLANG_WARN_SUSPICIOUS_MOVE = YES;
				CLANG_WARN_UNREACHABLE_CODE = YES;
				CLANG_WARN__DUPLICATE_METHOD_MATCH = YES;
				"CODE_SIGN_IDENTITY[sdk=iphoneos*]" = "iPhone Developer";
				COPY_PHASE_STRIP = NO;
				DEBUG_INFORMATION_FORMAT = "dwarf-with-dsym";
				ENABLE_NS_ASSERTIONS = NO;
				ENABLE_STRICT_OBJC_MSGSEND = YES;
				GCC_C_LANGUAGE_STANDARD = gnu99;
				GCC_NO_COMMON_BLOCKS = YES;
				GCC_WARN_64_TO_32_BIT_CONVERSION = YES;
				GCC_WARN_ABOUT_RETURN_TYPE = YES_ERROR;
				GCC_WARN_UNDECLARED_SELECTOR = YES;
				GCC_WARN_UNINITIALIZED_AUTOS = YES_AGGRESSIVE;
				GCC_WARN_UNUSED_FUNCTION = YES;
				GCC_WARN_UNUSED_VARIABLE = YES;
				IPHONEOS_DEPLOYMENT_TARGET = 10.3;
				MTL_ENABLE_DEBUG_INFO = NO;
				SDKROOT = iphoneos;
				SWIFT_OPTIMIZATION_LEVEL = "-Owholemodule";
				TARGETED_DEVICE_FAMILY = "1,2";
				VALIDATE_PRODUCT = YES;
			};
			name = Release;
		};
		873B2E301EA124D90055D729 /* Debug */ = {
			isa = XCBuildConfiguration;
			buildSettings = {
				ASSETCATALOG_COMPILER_APPICON_NAME = AppIcon;
				INFOPLIST_FILE = TestLive/Info.plist;
				LD_RUNPATH_SEARCH_PATHS = "$(inherited) @executable_path/Frameworks";
				PRODUCT_BUNDLE_IDENTIFIER = "---.TestLive";
				PRODUCT_NAME = "$(TARGET_NAME)";
				SWIFT_VERSION = 3.0;
			};
			name = Debug;
		};
		873B2E311EA124D90055D729 /* Release */ = {
			isa = XCBuildConfiguration;
			buildSettings = {
				ASSETCATALOG_COMPILER_APPICON_NAME = AppIcon;
				INFOPLIST_FILE = TestLive/Info.plist;
				LD_RUNPATH_SEARCH_PATHS = "$(inherited) @executable_path/Frameworks";
				PRODUCT_BUNDLE_IDENTIFIER = "---.TestLive";
				PRODUCT_NAME = "$(TARGET_NAME)";
				SWIFT_VERSION = 3.0;
			};
			name = Release;
		};
		873B2E331EA124D90055D729 /* Debug */ = {
			isa = XCBuildConfiguration;
			buildSettings = {
				ALWAYS_EMBED_SWIFT_STANDARD_LIBRARIES = YES;
				INFOPLIST_FILE = TestLiveUITests/Info.plist;
				LD_RUNPATH_SEARCH_PATHS = "$(inherited) @executable_path/Frameworks @loader_path/Frameworks";
				PRODUCT_BUNDLE_IDENTIFIER = "---.TestLiveUITests";
				PRODUCT_NAME = "$(TARGET_NAME)";
				SWIFT_VERSION = 3.0;
				TEST_TARGET_NAME = TestLive;
			};
			name = Debug;
		};
		873B2E341EA124D90055D729 /* Release */ = {
			isa = XCBuildConfiguration;
			buildSettings = {
				ALWAYS_EMBED_SWIFT_STANDARD_LIBRARIES = YES;
				INFOPLIST_FILE = TestLiveUITests/Info.plist;
				LD_RUNPATH_SEARCH_PATHS = "$(inherited) @executable_path/Frameworks @loader_path/Frameworks";
				PRODUCT_BUNDLE_IDENTIFIER = "---.TestLiveUITests";
				PRODUCT_NAME = "$(TARGET_NAME)";
				SWIFT_VERSION = 3.0;
				TEST_TARGET_NAME = TestLive;
			};
			name = Release;
		};
/* End XCBuildConfiguration section */

/* Begin XCConfigurationList section */
		873B2E0D1EA124D90055D729 /* Build configuration list for PBXProject "TestLive" */ = {
			isa = XCConfigurationList;
			buildConfigurations = (
				873B2E2D1EA124D90055D729 /* Debug */,
				873B2E2E1EA124D90055D729 /* Release */,
			);
			defaultConfigurationIsVisible = 0;
			defaultConfigurationName = Release;
		};
		873B2E2F1EA124D90055D729 /* Build configuration list for PBXNativeTarget "TestLive" */ = {
			isa = XCConfigurationList;
			buildConfigurations = (
				873B2E301EA124D90055D729 /* Debug */,
				873B2E311EA124D90055D729 /* Release */,
			);
			defaultConfigurationIsVisible = 0;
		};
		873B2E321EA124D90055D729 /* Build configuration list for PBXNativeTarget "TestLiveUITests" */ = {
			isa = XCConfigurationList;
			buildConfigurations = (
				873B2E331EA124D90055D729 /* Debug */,
				873B2E341EA124D90055D729 /* Release */,
			);
			defaultConfigurationIsVisible = 0;
		};
/* End XCConfigurationList section */
	};
	rootObject = 873B2E0A1EA124D90055D729 /* Project object */;
}
